github.com/dustin/go-humanize v1.0.1 h1:GzkhY7T5VNhEkwH0PVJgjz+fX1rhBrR7pRT3mDkpeCY=
github.com/dustin/go-humanize v1.0.1/go.mod h1:Mu1zIs6XwVuF/gI1OepvI0qD18qycQx+mFykh5fBlto=
github.com/google/pprof v0.0.0-20250317173921-a4b03ec1a45e h1:ijClszYn+mADRFY17kjQEVQ1XRhq2/JR1M3sGqeJoxs=
github.com/google/pprof v0.0.0-20250317173921-a4b03ec1a45e/go.mod h1:boTsfXsheKC2y+lKOCMpSfarhxDeIzfZG1jqGcPl3cA=
github.com/google/uuid v1.6.0 h1:NIvaJDMOsjHA8n1jAhLSgzrAzy1Hgr+hNrb57e+94F0=
github.com/google/uuid v1.6.0/go.mod h1:TIyPZe4MgqvfeYDBFedMoGGpEw/LqOeaOT+nhxU+yHo=
github.com/hashicorp/golang-lru/v2 v2.0.7 h1:a+bsQ5rvGLjzHuww6tVxozPZFVghXaHOwFs4luLUK2k=
github.com/hashicorp/golang-lru/v2 v2.0.7/go.mod h1:QeFd9opnmA6QUJc5vARoKUSoFhyfM2/ZepoAG6RGpeM=
github.com/mattn/go-isatty v0.0.22 h1:j8l17JJ9i6VGPUFUYoTUKPSgKe/83EYU2zBC7YNKMw4=
github.com/mattn/go-isatty v0.0.22/go.mod h1:ZXfXG4SQHsB/w3ZeOYbR0PrPwLy+n6xiMrJlRFqopa4=
github.com/mattn/go-sqlite3 v1.14.24 h1:tpSp2G2KyMnnQu99ngJ47EIkWVmliIizyZBfPrBWDRM=
github.com/mattn/go-sqlite3 v1.14.24/go.mod h1:Uh1q+B4BYcTPb+yiD3kU8Ct7aC0hY9fxUwlHK0RXw+Y=
github.com/ncruces/go-strftime v1.0.0 h1:HMFp8mLCTPp341M/ZnA4qaf7ZlsbTc+miZjCLOFAw7w=
github.com/ncruces/go-strftime v1.0.0/go.mod h1:Fwc5htZGVVkseilnfgOVb9mKy6w1naJmn9CehxcKcls=
github.com/next-bin/go-sqlite/v2 v2.0.0 h1:F8QUNqiBCThD2QCkiDbFrMiEtI+8ofRaZRXSWj6GLak=
github.com/next-bin/go-sqlite/v2 v2.0.0/go.mod h1:5gBKJeGLiKUyozIblOKWXCTOpBWVOf+aM6SKKn9wTAQ=
github.com/next-bin/go-sqlite/v2/cc4 v1.0.0 h1:7QOZGsiLvLHs4I8K2ra/xyssAxdgSKY4sd8U2T4rCQQ=
github.com/next-bin/go-sqlite/v2/cc4 v1.0.0/go.mod h1:bfLxPMKmfoOl8GHGc2RCCffwBv1SZpVU4yEWYlYltAw=
github.com/next-bin/go-sqlite/v2/ccgo4 v1.0.0 h1:dJleTGyt8VkEPRFkCieDJQqCrzM3/YxORBfHHCOy/ak=
github.com/next-bin/go-sqlite/v2/ccgo4 v1.0.0/go.mod h1:3BXFsVLziyy9PHDUIzgrWgQf1f7gnT+5DOMV8G1YSzc=
github.com/next-bin/go-sqlite/v2/fileutil v1.4.0 h1:3/auzHkiq+yaoIruY6dC9/vHt5/pYLTP4TvAJ0TSeQg=
github.com/next-bin/go-sqlite/v2/fileutil v1.4.0/go.mod h1:aEy7fYIwzFAL4G/zykhOwvgAz3KTrn9d15Jvu4WJS2o=
github.com/next-bin/go-sqlite/v2/gc2 v1.0.0 h1:HcXIxYHyl5FcWJVzT7ROxvw6MAYFjCQ94DjcGKV01XE=
github.com/next-bin/go-sqlite/v2/gc2 v1.0.0/go.mod h1:zY4W4Pg5SOjOdpq/X+u2+x20JFGQHkA9lScIMs31x9U=
github.com/next-bin/go-sqlite/v2/gc3 v1.0.0 h1:re+m5FJze4SSBXHOC/mHfyByfDkaTj/sSnqcWVVblis=
github.com/next-bin/go-sqlite/v2/gc3 v1.0.0/go.mod h1:bK3d7Of/C0NWBQYkCyqFbIRuZsQk7lj2XPBGTJnnFoU=
github.com/next-bin/go-sqlite/v2/goabi0 v0.2.0 h1:HupU2hoUXJwuyi7JWCMOE9NVL+3Yg0DZibiNMrWbnyk=
github.com/next-bin/go-sqlite/v2/goabi0 v0.2.0/go.mod h1:8I+03MWdjDPghbz1jzIgMnHJF+tNiwyqgTxkkuBIcGs=
github.com/next-bin/go-sqlite/v2/libc v1.73.0 h1:w1mfwOc9eDIPtkiH8N2h51wpJIZSU4UvG86IaKgNRUk=
github.com/next-bin/go-sqlite/v2/libc v1.73.0/go.mod h1:c1B+WoXH0aIzIQy8lit2HrGIaxUDTvF07lRGvKHJn98=
github.com/next-bin/go-sqlite/v2/mathutil v1.7.1 h1:2HvN59/qxtHGskhq50Z9rD6YlVLVdppJql1JewSPQso=
github.com/next-bin/go-sqlite/v2/mathutil v1.7.1/go.mod h1:0G9MPVPcUhU5PVwxvefQldUyam1lLVOC5jUCr0z5Xjg=
github.com/next-bin/go-sqlite/v2/memory v1.11.0 h1:+GA6PKrfvOLfzj2SWnDeK9B6nQtochGLDqXsC0hmyZk=
github.com/next-bin/go-sqlite/v2/memory v1.11.0/go.mod h1:GSIn2sJSQQHl35rp9z3LMnH309NtO9Ck546/YBZ0Z70=
github.com/next-bin/go-sqlite/v2/opt v0.2.0 h1:nn5oG6dxkVutXBuPpPDEuxl1xVyka5Lw7LB5mJI7RUg=
github.com/next-bin/go-sqlite/v2/opt v0.2.0/go.mod h1:O01Y67owAG2uHVnONr67gu3LNVVbw+QPyrUPBo0wSfo=
github.com/next-bin/go-sqlite/v2/sortutil v1.2.1 h1:7DYmzmfxLpVdHrUxhjJZ9+Jm58sANYEOcRgiZB+I6hc=
github.com/next-bin/go-sqlite/v2/sortutil v1.2.1/go.mod h1:yOAwiA54K46pnuBG1cksiW7G79zMNl6vubwfbGB0TI8=
github.com/next-bin/go-sqlite/v2/strutil v1.2.1 h1:VkDPJpP1UcpC6OvFmo0xfutiIex461QYpxuQ34c2n94=
github.com/next-bin/go-sqlite/v2/strutil v1.2.1/go.mod h1:XZ5N/0VWjbyqHjkDXsEjP7lUpmeFV5g/Bgyr7KB024k=
github.com/next-bin/go-sqlite/v2/token v1.1.0 h1:bMUM1OdeOketgVdtBWO4JZu8eZNMyNwIDtH5RLNDvIs=
github.com/next-bin/go-sqlite/v2/token v1.1.0/go.mod h1:dPsN4UOJf0ey2oOyf56Bhvp/BQZ42BuIt0R5geg+gxk=
github.com/remyoudompheng/bigfft v0.0.0-20230129092748-24d4a6f8daec h1:W09IVJc94icq4NjY3clb7Lk8O1qJ8BdBEF8z0ibU0rE=
github.com/remyoudompheng/bigfft v0.0.0-20230129092748-24d4a6f8daec/go.mod h1:qqbHyh8v60DhA7CoWK5oRCqLrMHRGoxYCSS9EjAz6Eo=
golang.org/x/mod v0.35.0 h1:Ww1D637e6Pg+Zb2KrWfHQUnH2dQRLBQyAtpr/haaJeM=
golang.org/x/mod v0.35.0/go.mod h1:+GwiRhIInF8wPm+4AoT6L0FA1QWAad3OMdTRx4tFYlU=
golang.org/x/sync v0.20.0 h1:e0PTpb7pjO8GAtTs2dQ6jYa5BWYlMuX047Dco/pItO4=
golang.org/x/sync v0.20.0/go.mod h1:9xrNwdLfx4jkKbNva9FpL6vEN7evnE43NNNJQ2LF3+0=
golang.org/x/sys v0.43.0 h1:Rlag2XtaFTxp19wS8MXlJwTvoh8ArU6ezoyFsMyCTNI=
golang.org/x/sys v0.43.0/go.mod h1:4GL1E5IUh+htKOUEOaiffhrAeqysfVGipDYzABqnCmw=
golang.org/x/tools v0.44.0 h1:UP4ajHPIcuMjT1GqzDWRlalUEoY+uzoZKnhOjbIPD2c=
golang.org/x/tools v0.44.0/go.mod h1:KA0AfVErSdxRZIsOVipbv3rQhVXTnlU6UhKxHd1seDI=
