github.com/next-bin/go-sqlite/v2/fileutil v1.4.0 h1:FSVxkAtrEA4nhrEaCzqf7tXmYvNYUvZ8Rdz6JiZNZe8=
github.com/next-bin/go-sqlite/v2/fileutil v1.4.0/go.mod h1:aEy7fYIwzFAL4G/zykhOwvgAz3KTrn9d15Jvu4WJS2o=
github.com/next-bin/go-sqlite/v2/lexer v1.0.5 h1:1nZ/cefUHEFnc5yCAvthhAmby9v012fJMRLq8391zEE=
github.com/next-bin/go-sqlite/v2/lexer v1.0.5/go.mod h1:u0TZjAPM8BKiYYHyonCnAJkkCbM+xHjGTHPJb2MsiXc=
golang.org/x/exp v0.0.0-20181106170214-d68db9428509 h1:k21GX33vzpH/syMF7TgrLxe8ILtvwbyuHtEO3ebR82E=
golang.org/x/exp v0.0.0-20181106170214-d68db9428509/go.mod h1:CJ0aWSM057203Lf6IL+f9T1iT9GByDxfZKAQTCR3kQA=
