github.com/dustin/go-humanize v1.0.1 h1:GzkhY7T5VNhEkwH0PVJgjz+fX1rhBrR7pRT3mDkpeCY=
github.com/dustin/go-humanize v1.0.1/go.mod h1:Mu1zIs6XwVuF/gI1OepvI0qD18qycQx+mFykh5fBlto=
github.com/google/pprof v0.0.0-20250317173921-a4b03ec1a45e h1:ijClszYn+mADRFY17kjQEVQ1XRhq2/JR1M3sGqeJoxs=
github.com/google/pprof v0.0.0-20250317173921-a4b03ec1a45e/go.mod h1:boTsfXsheKC2y+lKOCMpSfarhxDeIzfZG1jqGcPl3cA=
github.com/google/uuid v1.6.0 h1:NIvaJDMOsjHA8n1jAhLSgzrAzy1Hgr+hNrb57e+94F0=
github.com/google/uuid v1.6.0/go.mod h1:TIyPZe4MgqvfeYDBFedMoGGpEw/LqOeaOT+nhxU+yHo=
github.com/hashicorp/golang-lru/v2 v2.0.7 h1:a+bsQ5rvGLjzHuww6tVxozPZFVghXaHOwFs4luLUK2k=
github.com/hashicorp/golang-lru/v2 v2.0.7/go.mod h1:QeFd9opnmA6QUJc5vARoKUSoFhyfM2/ZepoAG6RGpeM=
github.com/mattn/go-isatty v0.0.22 h1:j8l17JJ9i6VGPUFUYoTUKPSgKe/83EYU2zBC7YNKMw4=
github.com/mattn/go-isatty v0.0.22/go.mod h1:ZXfXG4SQHsB/w3ZeOYbR0PrPwLy+n6xiMrJlRFqopa4=
github.com/ncruces/go-strftime v1.0.0 h1:HMFp8mLCTPp341M/ZnA4qaf7ZlsbTc+miZjCLOFAw7w=
github.com/ncruces/go-strftime v1.0.0/go.mod h1:Fwc5htZGVVkseilnfgOVb9mKy6w1naJmn9CehxcKcls=
github.com/next-bin/go-sqlite3/pkg/cc4 v1.0.7 h1:O92Ryudcp67I+au54kRDINOguVNTtgQOS8cAdkiPvGc=
github.com/next-bin/go-sqlite3/pkg/cc4 v1.0.7/go.mod h1:gL4Q35KCgSwZRVEgX96BRojtQe/TeqX17XWnt7IKYIA=
github.com/next-bin/go-sqlite3/pkg/ccgo4 v1.0.7 h1:hq0Nnt+pzRG9QjOj/sOWq6fbQV8vmohMX0zvXvhMlcI=
github.com/next-bin/go-sqlite3/pkg/ccgo4 v1.0.7/go.mod h1:zEg6zWGivNuqTM6vPIuuujkipQMvZFf3Rbl18MkAwiE=
github.com/next-bin/go-sqlite3/pkg/fileutil v1.0.7 h1:YRnBg9T6Ha6M8MJD0c9MGQcC9E2S6uISdyV9gtz5gZ8=
github.com/next-bin/go-sqlite3/pkg/fileutil v1.0.7/go.mod h1:v8EBr1b15SLiIUoPMOBVUY/PQ9sNaZBKi2pdPZoKhug=
github.com/next-bin/go-sqlite3/pkg/gc2 v1.0.7 h1:Qx9tP6L4USocnD2RyGb6otRpJi/9cjqxb4XpLOHg6GI=
github.com/next-bin/go-sqlite3/pkg/gc2 v1.0.7/go.mod h1:olijdchgCaFfIBwlCuv5yxx+oPyByaGQ5ShM58R/Gug=
github.com/next-bin/go-sqlite3/pkg/gc3 v1.0.7 h1:LMMWPS5ygrq8/OklF1wo+BInFKTQKbbck2ZRh6T+h8Y=
github.com/next-bin/go-sqlite3/pkg/gc3 v1.0.7/go.mod h1:iu6RM0Sa62SLdyk9HZgtWvFkFEEsCmqfHlBQRLqbJiQ=
github.com/next-bin/go-sqlite3/pkg/goabi0 v1.0.7 h1:EBCcY2Uzv2/xGdRGPjHOztTnJiRcFB6qxYVFwShnZLg=
github.com/next-bin/go-sqlite3/pkg/goabi0 v1.0.7/go.mod h1:CgJHDoAyPYfB1IiBRjUreg/ounT7hxjCUKoiCTFoK/Q=
github.com/next-bin/go-sqlite3/pkg/libc v1.0.7 h1:RnlO+3l/BiXZ7m0cBv/5psG6EIGOJWQ/vc8Puu0P0IU=
github.com/next-bin/go-sqlite3/pkg/libc v1.0.7/go.mod h1:2arFOrY0XbDHz4hhEtINLizQ2vMgKJkN7cHRnteQeWE=
github.com/next-bin/go-sqlite3/pkg/mathutil v1.0.7 h1:gGhJqUyXnEMCWzn6TRevTg9U2GUZaMSFJEFdz9LsXRQ=
github.com/next-bin/go-sqlite3/pkg/mathutil v1.0.7/go.mod h1:TEF3GJ6xP/r4jNnXFVR7ewkqZsCzijmoCwN8CJuchyM=
github.com/next-bin/go-sqlite3/pkg/memory v1.0.7 h1:lSg8NlyhMI3VFe5qh9S6hIV8csNMpxbIqKqSKOe3Yss=
github.com/next-bin/go-sqlite3/pkg/memory v1.0.7/go.mod h1:o3SeIlboseWtmpGdeBJymesq5VNFUMgycleS3fdwbTg=
github.com/next-bin/go-sqlite3/pkg/opt v1.0.7 h1:xHdzYVOJwW8XqzcmiigmfHm3YfS1EGp6araKx9+daF0=
github.com/next-bin/go-sqlite3/pkg/opt v1.0.7/go.mod h1:aK2WbQtMlTfZ5A3W1/sGkNBQ6avLUITqe94SeVkAFbY=
github.com/next-bin/go-sqlite3/pkg/sortutil v1.0.7 h1:KVUaUH2cz2gI/TCD251WJn+hpApel913n9kgiQNYuRE=
github.com/next-bin/go-sqlite3/pkg/sortutil v1.0.7/go.mod h1:ivlm9ry3m9Lk8fiwNw0qyCMmtK6Pq+WmybgJevqpBoc=
github.com/next-bin/go-sqlite3/pkg/strutil v1.0.7 h1:JrQ4GfJhgtn+ojIaVNWsTdHpLpNDuAMSraCX400KF3s=
github.com/next-bin/go-sqlite3/pkg/strutil v1.0.7/go.mod h1:qgG0y1x+0HihldofSuHirA4umPQHvX7S0EWUTqnj5Qs=
github.com/next-bin/go-sqlite3/pkg/token v1.0.7 h1:tnqys5WJyOi8AGQAmqyOOC7rqjtz2d9KCoHAIKcn6Bc=
github.com/next-bin/go-sqlite3/pkg/token v1.0.7/go.mod h1:BhayitkrtPiIY9fz5Lx05z4qWGzLxPNZd0HJx0wpn8k=
github.com/remyoudompheng/bigfft v0.0.0-20230129092748-24d4a6f8daec h1:W09IVJc94icq4NjY3clb7Lk8O1qJ8BdBEF8z0ibU0rE=
github.com/remyoudompheng/bigfft v0.0.0-20230129092748-24d4a6f8daec/go.mod h1:qqbHyh8v60DhA7CoWK5oRCqLrMHRGoxYCSS9EjAz6Eo=
golang.org/x/mod v0.35.0 h1:Ww1D637e6Pg+Zb2KrWfHQUnH2dQRLBQyAtpr/haaJeM=
golang.org/x/mod v0.35.0/go.mod h1:+GwiRhIInF8wPm+4AoT6L0FA1QWAad3OMdTRx4tFYlU=
golang.org/x/sync v0.20.0 h1:e0PTpb7pjO8GAtTs2dQ6jYa5BWYlMuX047Dco/pItO4=
golang.org/x/sync v0.20.0/go.mod h1:9xrNwdLfx4jkKbNva9FpL6vEN7evnE43NNNJQ2LF3+0=
golang.org/x/sys v0.43.0 h1:Rlag2XtaFTxp19wS8MXlJwTvoh8ArU6ezoyFsMyCTNI=
golang.org/x/sys v0.43.0/go.mod h1:4GL1E5IUh+htKOUEOaiffhrAeqysfVGipDYzABqnCmw=
golang.org/x/tools v0.44.0 h1:UP4ajHPIcuMjT1GqzDWRlalUEoY+uzoZKnhOjbIPD2c=
golang.org/x/tools v0.44.0/go.mod h1:KA0AfVErSdxRZIsOVipbv3rQhVXTnlU6UhKxHd1seDI=
