golang.org/x/exp v0.0.0-20181106170214-d68db9428509 h1:k21GX33vzpH/syMF7TgrLxe8ILtvwbyuHtEO3ebR82E=
golang.org/x/exp v0.0.0-20181106170214-d68db9428509/go.mod h1:CJ0aWSM057203Lf6IL+f9T1iT9GByDxfZKAQTCR3kQA=
modernc.org/fileutil v1.2.0 h1:c7fsfzHf9WfUFXvv/RY9sStAr+VAKXYGKiAhBQQNoT4=
modernc.org/fileutil v1.2.0/go.mod h1:0rLMFc17WSz6Bm/GtHeme7TOX8pNRhFN2NkfBlOZhrQ=
