github.com/next-bin/go-sqlite/v2/golex v1.1.0 h1:ywW92lmhhT58kQkHX9T+Sgn1/scBtXdYLMqynGQJlxw=
github.com/next-bin/go-sqlite/v2/golex v1.1.0/go.mod h1:CTkw1xRTtxki2Z0DYq5WHX6kADHN4Bv3QQQYQ74KxiM=
github.com/next-bin/go-sqlite/v2/mathutil v1.7.1 h1:LVTTUAKFNrGJqscM0V/HjsiVRIMLpHPhX24uk1uRYzw=
github.com/next-bin/go-sqlite/v2/mathutil v1.7.1/go.mod h1:0G9MPVPcUhU5PVwxvefQldUyam1lLVOC5jUCr0z5Xjg=
github.com/next-bin/go-sqlite/v2/parser v1.1.0 h1:/ULn8bCCjeVEolmLkP7Dc7pS5p+uuXCpsMGc1nlFVxA=
github.com/next-bin/go-sqlite/v2/parser v1.1.0/go.mod h1:L3trhn3ZXrGE1bT+NPZtH3VHO2Cz1vT4uqBnn2RsN90=
github.com/next-bin/go-sqlite/v2/sortutil v1.2.1 h1:qGpfoqYjH+GlfPmvVawf/halBVrmvmi1RaAHJ8UPzk4=
github.com/next-bin/go-sqlite/v2/sortutil v1.2.1/go.mod h1:yOAwiA54K46pnuBG1cksiW7G79zMNl6vubwfbGB0TI8=
github.com/next-bin/go-sqlite/v2/strutil v1.2.1 h1:cwoZGN57VrCCzEeIPdOHfG6w5hCvoKkTOqjilTd1M/8=
github.com/next-bin/go-sqlite/v2/strutil v1.2.1/go.mod h1:XZ5N/0VWjbyqHjkDXsEjP7lUpmeFV5g/Bgyr7KB024k=
github.com/next-bin/go-sqlite/v2/xc v1.0.0 h1:QuuwDgV0ar6EIhSnKNFThRNukR5JlHY5tCCtXgT5m4Q=
github.com/next-bin/go-sqlite/v2/xc v1.0.0/go.mod h1:TGb9VpciVijUkRJut6Bpvct9Dr5BB41hhrbYq55OTkw=
github.com/next-bin/go-sqlite/v2/y v1.0.1 h1:0i6arZYZu28s6Fu6J4YMRiGL0eACY/JjHK5v2VO9QKo=
github.com/next-bin/go-sqlite/v2/y v1.0.1/go.mod h1:Blhv63jjuKAUYdLOrh0ekwBtPjGyvFlEpfBwhGn/JBs=
github.com/remyoudompheng/bigfft v0.0.0-20230129092748-24d4a6f8daec h1:W09IVJc94icq4NjY3clb7Lk8O1qJ8BdBEF8z0ibU0rE=
github.com/remyoudompheng/bigfft v0.0.0-20230129092748-24d4a6f8daec/go.mod h1:qqbHyh8v60DhA7CoWK5oRCqLrMHRGoxYCSS9EjAz6Eo=
