github.com/mattn/go-isatty v0.0.22 h1:j8l17JJ9i6VGPUFUYoTUKPSgKe/83EYU2zBC7YNKMw4=
github.com/mattn/go-isatty v0.0.22/go.mod h1:ZXfXG4SQHsB/w3ZeOYbR0PrPwLy+n6xiMrJlRFqopa4=
github.com/next-bin/go-sqlite/v2/crt v1.0.0 h1:LhZWcgckRb2j51wsBB59tU9kmLachh4DzR4n/qMuryw=
github.com/next-bin/go-sqlite/v2/crt v1.0.0/go.mod h1:7YRsfBG2uX1ZR0DRrWs9JYyS9feZ0mqND9VKQESQa60=
github.com/next-bin/go-sqlite/v2/crt2 v1.0.0 h1:uQsFjM7PwubNWXTiB3m0zAgzUpUyQTefFq68yJ4aD0o=
github.com/next-bin/go-sqlite/v2/crt2 v1.0.0/go.mod h1:+EUMJYBGByC2X/suzijQIjgH6dd63kqYR3fZqa5d0gk=
github.com/next-bin/go-sqlite/v2/crt3 v1.0.0 h1:+ljXWxlK6TNRBGGKersPTBHv/z6gH2cKR0ps/UJfHhs=
github.com/next-bin/go-sqlite/v2/crt3 v1.0.0/go.mod h1:eiAH/f/bIJWLa7q7FO1zR3C7s+YpbSYoRslDcJKpi8s=
github.com/next-bin/go-sqlite/v2/internal v1.0.3 h1:CLqJ4akLpALhjZylg2T3lF+g1LTaY8P2Q3+woHmK000=
github.com/next-bin/go-sqlite/v2/internal v1.0.3/go.mod h1:LE8yt4V8vfjzHbYusmejH9XvyD6R9xSey0ZJan0ugLg=
github.com/next-bin/go-sqlite/v2/mathutil v1.7.1 h1:LVTTUAKFNrGJqscM0V/HjsiVRIMLpHPhX24uk1uRYzw=
github.com/next-bin/go-sqlite/v2/mathutil v1.7.1/go.mod h1:0G9MPVPcUhU5PVwxvefQldUyam1lLVOC5jUCr0z5Xjg=
github.com/next-bin/go-sqlite/v2/memory v1.11.0 h1:nlzJBVNkN1oUaTmheMy+LE6xOx+GWPLIGNUhtg9K9Wg=
github.com/next-bin/go-sqlite/v2/memory v1.11.0/go.mod h1:GSIn2sJSQQHl35rp9z3LMnH309NtO9Ck546/YBZ0Z70=
github.com/next-bin/go-sqlite/v2/strutil v1.2.1 h1:cwoZGN57VrCCzEeIPdOHfG6w5hCvoKkTOqjilTd1M/8=
github.com/next-bin/go-sqlite/v2/strutil v1.2.1/go.mod h1:XZ5N/0VWjbyqHjkDXsEjP7lUpmeFV5g/Bgyr7KB024k=
github.com/remyoudompheng/bigfft v0.0.0-20230129092748-24d4a6f8daec h1:W09IVJc94icq4NjY3clb7Lk8O1qJ8BdBEF8z0ibU0rE=
github.com/remyoudompheng/bigfft v0.0.0-20230129092748-24d4a6f8daec/go.mod h1:qqbHyh8v60DhA7CoWK5oRCqLrMHRGoxYCSS9EjAz6Eo=
golang.org/x/sys v0.43.0 h1:Rlag2XtaFTxp19wS8MXlJwTvoh8ArU6ezoyFsMyCTNI=
golang.org/x/sys v0.43.0/go.mod h1:4GL1E5IUh+htKOUEOaiffhrAeqysfVGipDYzABqnCmw=
