github.com/next-bin/go-sqlite/v2/ebnf v1.1.0 h1:l/TGBjK58vXPzogPXW5IK6R+U39tjUHh1wUIyc9itCo=
github.com/next-bin/go-sqlite/v2/ebnfutil v1.1.0 h1:TfDpVX/hD+2i9pky3GQ0lQpDmfoxAT3Pp53q9MI/ro8=
github.com/next-bin/go-sqlite/v2/mathutil v1.7.1 h1:2HvN59/qxtHGskhq50Z9rD6YlVLVdppJql1JewSPQso=
github.com/next-bin/go-sqlite/v2/scanner v1.1.0 h1:kXY99hdRMrfBL4dVUoGNatDe2d5PFckr6WcXtghpjgQ=
github.com/next-bin/go-sqlite/v2/strutil v1.2.1 h1:VkDPJpP1UcpC6OvFmo0xfutiIex461QYpxuQ34c2n94=
github.com/next-bin/go-sqlite/v2/token v1.1.0 h1:bMUM1OdeOketgVdtBWO4JZu8eZNMyNwIDtH5RLNDvIs=
github.com/remyoudompheng/bigfft v0.0.0-20230129092748-24d4a6f8daec h1:W09IVJc94icq4NjY3clb7Lk8O1qJ8BdBEF8z0ibU0rE=
