github.com/adrg/xdg v0.5.3 h1:xRnxJXne7+oWDatRhR1JLnvuccuIeCoBu2rtuLqQB78=
github.com/davecgh/go-spew v1.1.1 h1:vj9j/u1bqnvCEfJOwUhtlOARqs3+rkHYY13jYWTU97c=
github.com/dustin/go-humanize v1.0.1 h1:GzkhY7T5VNhEkwH0PVJgjz+fX1rhBrR7pRT3mDkpeCY=
github.com/google/go-cmp v0.7.0 h1:wk8382ETsv4JYUZwIsn6YpYiWiBsYLSJiTsyBybVuN8=
github.com/google/uuid v1.6.0 h1:NIvaJDMOsjHA8n1jAhLSgzrAzy1Hgr+hNrb57e+94F0=
github.com/hashicorp/golang-lru/v2 v2.0.7 h1:a+bsQ5rvGLjzHuww6tVxozPZFVghXaHOwFs4luLUK2k=
github.com/mattn/go-isatty v0.0.22 h1:j8l17JJ9i6VGPUFUYoTUKPSgKe/83EYU2zBC7YNKMw4=
github.com/ncruces/go-strftime v1.0.0 h1:HMFp8mLCTPp341M/ZnA4qaf7ZlsbTc+miZjCLOFAw7w=
github.com/next-bin/go-sqlite/v2/cc4 v1.0.0 h1:7QOZGsiLvLHs4I8K2ra/xyssAxdgSKY4sd8U2T4rCQQ=
github.com/next-bin/go-sqlite/v2/ccgo4 v1.0.0 h1:dJleTGyt8VkEPRFkCieDJQqCrzM3/YxORBfHHCOy/ak=
github.com/next-bin/go-sqlite/v2/ccorpus2 v1.6.0 h1:6Q89+J/AO+yFNFA8AY+qmORHst8koa7bJC1jWjquPs0=
github.com/next-bin/go-sqlite/v2/fileutil v1.4.0 h1:3/auzHkiq+yaoIruY6dC9/vHt5/pYLTP4TvAJ0TSeQg=
github.com/next-bin/go-sqlite/v2/gc2 v1.0.0 h1:HcXIxYHyl5FcWJVzT7ROxvw6MAYFjCQ94DjcGKV01XE=
github.com/next-bin/go-sqlite/v2/gc3 v1.0.0 h1:re+m5FJze4SSBXHOC/mHfyByfDkaTj/sSnqcWVVblis=
github.com/next-bin/go-sqlite/v2/goabi0 v0.2.0 h1:HupU2hoUXJwuyi7JWCMOE9NVL+3Yg0DZibiNMrWbnyk=
github.com/next-bin/go-sqlite/v2/lex v1.1.1 h1:z5SH2IxP+M6yfRXnQwli+knN1CSDah0xME6sj+KlPkw=
github.com/next-bin/go-sqlite/v2/lexer v1.0.5 h1:8DQu57hbFCm3qymVaP+GKchQubBZEqzBeM2PZWj1r+k=
github.com/next-bin/go-sqlite/v2/libc v1.73.0 h1:w1mfwOc9eDIPtkiH8N2h51wpJIZSU4UvG86IaKgNRUk=
github.com/next-bin/go-sqlite/v2/libz v0.18.0 h1:Md2GwuLigMKw9ulDxOYlZA6jxQEicyJJjw9Mhljzf+Y=
github.com/next-bin/go-sqlite/v2/mathutil v1.7.1 h1:2HvN59/qxtHGskhq50Z9rD6YlVLVdppJql1JewSPQso=
github.com/next-bin/go-sqlite/v2/memory v1.11.0 h1:+GA6PKrfvOLfzj2SWnDeK9B6nQtochGLDqXsC0hmyZk=
github.com/next-bin/go-sqlite/v2/opt v0.2.0 h1:nn5oG6dxkVutXBuPpPDEuxl1xVyka5Lw7LB5mJI7RUg=
github.com/next-bin/go-sqlite/v2/scannertest v1.0.2 h1:uuPqhkPaDrYxPEzIUCLypiAM9KBuC3V+jd/VwBWjyoY=
github.com/next-bin/go-sqlite/v2/sortutil v1.2.1 h1:7DYmzmfxLpVdHrUxhjJZ9+Jm58sANYEOcRgiZB+I6hc=
github.com/next-bin/go-sqlite/v2/strutil v1.2.1 h1:VkDPJpP1UcpC6OvFmo0xfutiIex461QYpxuQ34c2n94=
github.com/next-bin/go-sqlite/v2/token v1.1.0 h1:bMUM1OdeOketgVdtBWO4JZu8eZNMyNwIDtH5RLNDvIs=
github.com/pbnjay/memory v0.0.0-20210728143218-7b4eea64cf58 h1:onHthvaw9LFnH4t2DcNVpwGmV9E1BkGknEliJkfwQj0=
github.com/pmezard/go-difflib v1.0.0 h1:4DBwDE0NGyQoBHbLQYPwSUPoCMWR5BEzIk/f1lZbAQM=
github.com/remyoudompheng/bigfft v0.0.0-20230129092748-24d4a6f8daec h1:W09IVJc94icq4NjY3clb7Lk8O1qJ8BdBEF8z0ibU0rE=
github.com/stretchr/testify v1.9.0 h1:HtqpIVDClZ4nwg75+f6Lvsy/wHu+3BoSGCbBAcpTsTg=
golang.org/x/exp v0.0.0-20250305212735-054e65f0b394 h1:nDVHiLt8aIbd/VzvPWN6kSOPE7+F/fNFDSXLVYkE/Iw=
golang.org/x/mod v0.35.0 h1:Ww1D637e6Pg+Zb2KrWfHQUnH2dQRLBQyAtpr/haaJeM=
golang.org/x/sync v0.20.0 h1:e0PTpb7pjO8GAtTs2dQ6jYa5BWYlMuX047Dco/pItO4=
golang.org/x/sys v0.43.0 h1:Rlag2XtaFTxp19wS8MXlJwTvoh8ArU6ezoyFsMyCTNI=
golang.org/x/tools v0.44.0 h1:UP4ajHPIcuMjT1GqzDWRlalUEoY+uzoZKnhOjbIPD2c=
gopkg.in/yaml.v3 v3.0.1 h1:fxVm/GzAzEWqLHuvctI91KS9hhNmmWOoWu0XTYJS7CA=
