github.com/edsrzf/mmap-go v1.2.0 h1:hXLYlkbaPzt1SaQk+anYwKSRNhufIDCchSPkUD6dD84=
github.com/edsrzf/mmap-go v1.2.0/go.mod h1:19H/e8pUPLicwkyNgOykDXkJ9F0MHE+Z52B8EIth78Q=
github.com/next-bin/go-sqlite/v2/fileutil v1.4.0 h1:3/auzHkiq+yaoIruY6dC9/vHt5/pYLTP4TvAJ0TSeQg=
github.com/next-bin/go-sqlite/v2/fileutil v1.4.0/go.mod h1:aEy7fYIwzFAL4G/zykhOwvgAz3KTrn9d15Jvu4WJS2o=
github.com/next-bin/go-sqlite/v2/golex v1.1.0 h1:8MEDZbB9O+nNzA0WTcCMQ0IPHVER8MIxlKRC0z/c4OE=
github.com/next-bin/go-sqlite/v2/golex v1.1.0/go.mod h1:CTkw1xRTtxki2Z0DYq5WHX6kADHN4Bv3QQQYQ74KxiM=
github.com/next-bin/go-sqlite/v2/lex v1.1.1 h1:z5SH2IxP+M6yfRXnQwli+knN1CSDah0xME6sj+KlPkw=
github.com/next-bin/go-sqlite/v2/lex v1.1.1/go.mod h1:1fbOi5OqgeJM9qDFixVJNbRqpXMSzUc5kaHrFjQBctc=
github.com/next-bin/go-sqlite/v2/lexer v1.0.5 h1:8DQu57hbFCm3qymVaP+GKchQubBZEqzBeM2PZWj1r+k=
github.com/next-bin/go-sqlite/v2/lexer v1.0.5/go.mod h1:u0TZjAPM8BKiYYHyonCnAJkkCbM+xHjGTHPJb2MsiXc=
github.com/next-bin/go-sqlite/v2/mathutil v1.7.1 h1:2HvN59/qxtHGskhq50Z9rD6YlVLVdppJql1JewSPQso=
github.com/next-bin/go-sqlite/v2/mathutil v1.7.1/go.mod h1:0G9MPVPcUhU5PVwxvefQldUyam1lLVOC5jUCr0z5Xjg=
github.com/next-bin/go-sqlite/v2/parser v1.1.0 h1:l/bPtOCkN1a+SJH6Wt2rlmSzDOLM2lS7ZpOQxfwlfX4=
github.com/next-bin/go-sqlite/v2/parser v1.1.0/go.mod h1:L3trhn3ZXrGE1bT+NPZtH3VHO2Cz1vT4uqBnn2RsN90=
github.com/next-bin/go-sqlite/v2/sortutil v1.2.1 h1:7DYmzmfxLpVdHrUxhjJZ9+Jm58sANYEOcRgiZB+I6hc=
github.com/next-bin/go-sqlite/v2/sortutil v1.2.1/go.mod h1:yOAwiA54K46pnuBG1cksiW7G79zMNl6vubwfbGB0TI8=
github.com/next-bin/go-sqlite/v2/strutil v1.2.1 h1:VkDPJpP1UcpC6OvFmo0xfutiIex461QYpxuQ34c2n94=
github.com/next-bin/go-sqlite/v2/strutil v1.2.1/go.mod h1:XZ5N/0VWjbyqHjkDXsEjP7lUpmeFV5g/Bgyr7KB024k=
github.com/next-bin/go-sqlite/v2/token v1.1.0 h1:bMUM1OdeOketgVdtBWO4JZu8eZNMyNwIDtH5RLNDvIs=
github.com/next-bin/go-sqlite/v2/token v1.1.0/go.mod h1:dPsN4UOJf0ey2oOyf56Bhvp/BQZ42BuIt0R5geg+gxk=
github.com/next-bin/go-sqlite/v2/y v1.0.1 h1:QjLj3yjKbU0qIjAm7DR2x64LOcjYxdBxLKTsMwhr3Ik=
github.com/next-bin/go-sqlite/v2/y v1.0.1/go.mod h1:Blhv63jjuKAUYdLOrh0ekwBtPjGyvFlEpfBwhGn/JBs=
github.com/remyoudompheng/bigfft v0.0.0-20230129092748-24d4a6f8daec h1:W09IVJc94icq4NjY3clb7Lk8O1qJ8BdBEF8z0ibU0rE=
github.com/remyoudompheng/bigfft v0.0.0-20230129092748-24d4a6f8daec/go.mod h1:qqbHyh8v60DhA7CoWK5oRCqLrMHRGoxYCSS9EjAz6Eo=
golang.org/x/exp v0.0.0-20250305212735-054e65f0b394 h1:nDVHiLt8aIbd/VzvPWN6kSOPE7+F/fNFDSXLVYkE/Iw=
golang.org/x/exp v0.0.0-20250305212735-054e65f0b394/go.mod h1:sIifuuw/Yco/y6yb6+bDNfyeQ/MdPUy/hKEMYQV17cM=
golang.org/x/sys v0.43.0 h1:Rlag2XtaFTxp19wS8MXlJwTvoh8ArU6ezoyFsMyCTNI=
golang.org/x/sys v0.43.0/go.mod h1:4GL1E5IUh+htKOUEOaiffhrAeqysfVGipDYzABqnCmw=
