github.com/next-bin/go-sqlite/v2/golex v1.1.0 h1:8MEDZbB9O+nNzA0WTcCMQ0IPHVER8MIxlKRC0z/c4OE=
github.com/next-bin/go-sqlite/v2/golex v1.1.0/go.mod h1:CTkw1xRTtxki2Z0DYq5WHX6kADHN4Bv3QQQYQ74KxiM=
github.com/next-bin/go-sqlite/v2/internal v1.0.3 h1:wmG1QWN+NOZ4c2vPPSXdm/QFlsDJcQNAHETc+aLVj9E=
github.com/next-bin/go-sqlite/v2/internal v1.0.3/go.mod h1:LE8yt4V8vfjzHbYusmejH9XvyD6R9xSey0ZJan0ugLg=
github.com/next-bin/go-sqlite/v2/ir v1.0.0 h1:7RoWEIGWlCmHkOtMJKqvmQapoE98keuc1GNj06HJ8Ag=
github.com/next-bin/go-sqlite/v2/ir v1.0.0/go.mod h1:fWkXWBIqdVc6dAZlMkfW0It7RzLtG584CofXZ7MI66s=
github.com/next-bin/go-sqlite/v2/irgo v1.0.0 h1:FTudM1I5CdtGJgtBOsV4NmXqLeMnUqwskDgAc3c8pj0=
github.com/next-bin/go-sqlite/v2/irgo v1.0.0/go.mod h1:WId4Sj7s0UOH4BiNwMPPfk4Zd+9okQJVDRcqdZGF/OM=
github.com/next-bin/go-sqlite/v2/mathutil v1.7.1 h1:2HvN59/qxtHGskhq50Z9rD6YlVLVdppJql1JewSPQso=
github.com/next-bin/go-sqlite/v2/mathutil v1.7.1/go.mod h1:0G9MPVPcUhU5PVwxvefQldUyam1lLVOC5jUCr0z5Xjg=
github.com/next-bin/go-sqlite/v2/sortutil v1.2.1 h1:7DYmzmfxLpVdHrUxhjJZ9+Jm58sANYEOcRgiZB+I6hc=
github.com/next-bin/go-sqlite/v2/sortutil v1.2.1/go.mod h1:yOAwiA54K46pnuBG1cksiW7G79zMNl6vubwfbGB0TI8=
github.com/next-bin/go-sqlite/v2/strutil v1.2.1 h1:VkDPJpP1UcpC6OvFmo0xfutiIex461QYpxuQ34c2n94=
github.com/next-bin/go-sqlite/v2/strutil v1.2.1/go.mod h1:XZ5N/0VWjbyqHjkDXsEjP7lUpmeFV5g/Bgyr7KB024k=
github.com/next-bin/go-sqlite/v2/xc v1.0.0 h1:RrqmQVaoygJu3QhvuyRRj1Tmacru+vpisxEhuQRzBFM=
github.com/next-bin/go-sqlite/v2/xc v1.0.0/go.mod h1:TGb9VpciVijUkRJut6Bpvct9Dr5BB41hhrbYq55OTkw=
github.com/remyoudompheng/bigfft v0.0.0-20230129092748-24d4a6f8daec h1:W09IVJc94icq4NjY3clb7Lk8O1qJ8BdBEF8z0ibU0rE=
github.com/remyoudompheng/bigfft v0.0.0-20230129092748-24d4a6f8daec/go.mod h1:qqbHyh8v60DhA7CoWK5oRCqLrMHRGoxYCSS9EjAz6Eo=
