github.com/remyoudompheng/bigfft v0.0.0-20230129092748-24d4a6f8daec h1:W09IVJc94icq4NjY3clb7Lk8O1qJ8BdBEF8z0ibU0rE=
modernc.org/ebnf v1.1.0 h1:ilLq2kO1xGezeg75RyKffLsCLdamQHEmjv0CVq1QEQU=
modernc.org/ebnf v1.1.0/go.mod h1:CNIo7vuji3SyjIP/VhEumIKlAguC1g64mcdk/+VJW/w=
modernc.org/mathutil v1.6.0 h1:fRe9+AmYlaej+64JsEEhoWuAYBkOtQiMEU7n/XgfYi4=
modernc.org/strutil v1.2.0 h1:agBi9dp1I+eOnxXeiZawM8F4LawKv4NzGWSaLfyeNZA=
modernc.org/strutil v1.2.0/go.mod h1:/mdcBmfOibveCTBxUl5B5l6W+TTH1FXPLHZE6bTosX0=
