github.com/next-bin/go-sqlite/v2/fileutil v1.4.0 h1:dWtf8mJcsYcYoDFBLNTPSIgFov6PPsKa/acU53fCIOE=
github.com/next-bin/go-sqlite/v2/fileutil v1.4.0/go.mod h1:aEy7fYIwzFAL4G/zykhOwvgAz3KTrn9d15Jvu4WJS2o=
github.com/next-bin/go-sqlite/v2/lex v1.1.1 h1:pgNt6YHXI34NenfTt5bJ6iSkTVBtccqLjqI9fKuir/A=
github.com/next-bin/go-sqlite/v2/lex v1.1.1/go.mod h1:1fbOi5OqgeJM9qDFixVJNbRqpXMSzUc5kaHrFjQBctc=
github.com/next-bin/go-sqlite/v2/lexer v1.0.5 h1:MQp4BjsfRoLhVdD+BibatM/F66DkPCo4Ms3HH5ryK/c=
github.com/next-bin/go-sqlite/v2/lexer v1.0.5/go.mod h1:u0TZjAPM8BKiYYHyonCnAJkkCbM+xHjGTHPJb2MsiXc=
golang.org/x/exp v0.0.0-20181106170214-d68db9428509 h1:k21GX33vzpH/syMF7TgrLxe8ILtvwbyuHtEO3ebR82E=
golang.org/x/exp v0.0.0-20181106170214-d68db9428509/go.mod h1:CJ0aWSM057203Lf6IL+f9T1iT9GByDxfZKAQTCR3kQA=
